// !$*UTF8*$!
{
	archiveVersion = 1;
	classes = {
	};
	objectVersion = 55;
	objects = {

/* Begin PBXBuildFile section */
		273DEC492928A73D009674AC /* HomeViewModel.swift in Sources */ = {isa = PBXBuildFile; fileRef = 273DEC482928A73D009674AC /* HomeViewModel.swift */; };
		274549E929163DDC0012B790 /* TableViewCell.swift in Sources */ = {isa = PBXBuildFile; fileRef = 274549E829163DDC0012B790 /* TableViewCell.swift */; };
		274549EB29163DE90012B790 /* TableViewCell.xib in Resources */ = {isa = PBXBuildFile; fileRef = 274549EA29163DE90012B790 /* TableViewCell.xib */; };
		274D845329174B4F003D6AC3 /* UITableViewCell+.swift in Sources */ = {isa = PBXBuildFile; fileRef = 274D845229174B4F003D6AC3 /* UITableViewCell+.swift */; };
		274D845529175955003D6AC3 /* CloudFirestoreService.swift in Sources */ = {isa = PBXBuildFile; fileRef = 274D845429175955003D6AC3 /* CloudFirestoreService.swift */; };
		274DC7C9291352D400317F42 /* MemoModel.swift in Sources */ = {isa = PBXBuildFile; fileRef = 274DC7C8291352D400317F42 /* MemoModel.swift */; };
		274DC7CE29135E5800317F42 /* SetMemoCreated.storyboard in Resources */ = {isa = PBXBuildFile; fileRef = 274DC7CD29135E5800317F42 /* SetMemoCreated.storyboard */; };
		274DC7D029135F2900317F42 /* SetMemoCreatedViewController.swift in Sources */ = {isa = PBXBuildFile; fileRef = 274DC7CF29135F2900317F42 /* SetMemoCreatedViewController.swift */; };
		274EA4C22910F9D700CADFE0 /* UIViewController+.swift in Sources */ = {isa = PBXBuildFile; fileRef = 274EA4C12910F9D700CADFE0 /* UIViewController+.swift */; };
		2750A8542907DFF000C3035E /* SetEmailChanged.storyboard in Resources */ = {isa = PBXBuildFile; fileRef = 2750A8532907DFF000C3035E /* SetEmailChanged.storyboard */; };
		2750A8582907E01800C3035E /* SetPasswordChanged.storyboard in Resources */ = {isa = PBXBuildFile; fileRef = 2750A8572907E01800C3035E /* SetPasswordChanged.storyboard */; };
		2750A85A2907E3F900C3035E /* SetEmailChangedViewController.swift in Sources */ = {isa = PBXBuildFile; fileRef = 2750A8592907E3F900C3035E /* SetEmailChangedViewController.swift */; };
		2750A85C2907E41700C3035E /* SetPasswordChangedViewController.swift in Sources */ = {isa = PBXBuildFile; fileRef = 2750A85B2907E41700C3035E /* SetPasswordChangedViewController.swift */; };
		2750D3F32900F0EC00810F87 /* AuthController.swift in Sources */ = {isa = PBXBuildFile; fileRef = 2750D3F22900F0EC00810F87 /* AuthController.swift */; };
		2754A38E291A29CA003A0331 /* FirebaseStorageService.swift in Sources */ = {isa = PBXBuildFile; fileRef = 2754A38D291A29CA003A0331 /* FirebaseStorageService.swift */; };
		2754DC5328FF7C6F00AC029D /* Router.swift in Sources */ = {isa = PBXBuildFile; fileRef = 2754DC5228FF7C6F00AC029D /* Router.swift */; };
		2754DC5C28FFB50900AC029D /* GoogleService-Info.plist in Resources */ = {isa = PBXBuildFile; fileRef = 2754DC5B28FFB50900AC029D /* GoogleService-Info.plist */; };
		2754DC5F28FFC58700AC029D /* HomeViewController.swift in Sources */ = {isa = PBXBuildFile; fileRef = 2754DC5E28FFC58700AC029D /* HomeViewController.swift */; };
		2754DC6228FFC59F00AC029D /* Home.storyboard in Resources */ = {isa = PBXBuildFile; fileRef = 2754DC6128FFC59F00AC029D /* Home.storyboard */; };
		275579DB2918B11F00BED415 /* SetMemoChangedViewController.swift in Sources */ = {isa = PBXBuildFile; fileRef = 275579DA2918B11F00BED415 /* SetMemoChangedViewController.swift */; };
		275579DD2918B12C00BED415 /* SetMemoChanged.storyboard in Resources */ = {isa = PBXBuildFile; fileRef = 275579DC2918B12C00BED415 /* SetMemoChanged.storyboard */; };
		275DEC50292C617F00B3A7B1 /* SetMemoChangedViewModel.swift in Sources */ = {isa = PBXBuildFile; fileRef = 275DEC4F292C617F00B3A7B1 /* SetMemoChangedViewModel.swift */; };
		275F9BDD290A47D400A34905 /* Validator.swift in Sources */ = {isa = PBXBuildFile; fileRef = 275F9BDC290A47D400A34905 /* Validator.swift */; };
		276A989D28FE328A00AC390F /* AppDelegate.swift in Sources */ = {isa = PBXBuildFile; fileRef = 276A989C28FE328A00AC390F /* AppDelegate.swift */; };
		276A98A628FE328B00AC390F /* Assets.xcassets in Resources */ = {isa = PBXBuildFile; fileRef = 276A98A528FE328B00AC390F /* Assets.xcassets */; };
		276A98A928FE328B00AC390F /* LaunchScreen.storyboard in Resources */ = {isa = PBXBuildFile; fileRef = 276A98A728FE328B00AC390F /* LaunchScreen.storyboard */; };
		276A98B428FE334E00AC390F /* Login.storyboard in Resources */ = {isa = PBXBuildFile; fileRef = 276A98B328FE334E00AC390F /* Login.storyboard */; };
		276A98B628FE336200AC390F /* LoginViewController.swift in Sources */ = {isa = PBXBuildFile; fileRef = 276A98B528FE336200AC390F /* LoginViewController.swift */; };
		276A98B928FE3FED00AC390F /* RegisterViewController.swift in Sources */ = {isa = PBXBuildFile; fileRef = 276A98B828FE3FED00AC390F /* RegisterViewController.swift */; };
		276A98BB28FE400300AC390F /* Register.storyboard in Resources */ = {isa = PBXBuildFile; fileRef = 276A98BA28FE400300AC390F /* Register.storyboard */; };
		8ECA532D85C8BBD9FA87862E /* Pods_SampleEmailLogin.framework in Frameworks */ = {isa = PBXBuildFile; fileRef = 098740C55D332023D5E09C13 /* Pods_SampleEmailLogin.framework */; };
/* End PBXBuildFile section */

/* Begin PBXFileReference section */
		098740C55D332023D5E09C13 /* Pods_SampleEmailLogin.framework */ = {isa = PBXFileReference; explicitFileType = wrapper.framework; includeInIndex = 0; path = Pods_SampleEmailLogin.framework; sourceTree = BUILT_PRODUCTS_DIR; };
		273DEC482928A73D009674AC /* HomeViewModel.swift */ = {isa = PBXFileReference; lastKnownFileType = sourcecode.swift; path = HomeViewModel.swift; sourceTree = "<group>"; };
		274549E829163DDC0012B790 /* TableViewCell.swift */ = {isa = PBXFileReference; lastKnownFileType = sourcecode.swift; path = TableViewCell.swift; sourceTree = "<group>"; };
		274549EA29163DE90012B790 /* TableViewCell.xib */ = {isa = PBXFileReference; lastKnownFileType = file.xib; path = TableViewCell.xib; sourceTree = "<group>"; };
		274D845229174B4F003D6AC3 /* UITableViewCell+.swift */ = {isa = PBXFileReference; lastKnownFileType = sourcecode.swift; path = "UITableViewCell+.swift"; sourceTree = "<group>"; };
		274D845429175955003D6AC3 /* CloudFirestoreService.swift */ = {isa = PBXFileReference; lastKnownFileType = sourcecode.swift; path = CloudFirestoreService.swift; sourceTree = "<group>"; };
		274DC7C8291352D400317F42 /* MemoModel.swift */ = {isa = PBXFileReference; lastKnownFileType = sourcecode.swift; path = MemoModel.swift; sourceTree = "<group>"; };
		274DC7CD29135E5800317F42 /* SetMemoCreated.storyboard */ = {isa = PBXFileReference; lastKnownFileType = file.storyboard; path = SetMemoCreated.storyboard; sourceTree = "<group>"; };
		274DC7CF29135F2900317F42 /* SetMemoCreatedViewController.swift */ = {isa = PBXFileReference; lastKnownFileType = sourcecode.swift; path = SetMemoCreatedViewController.swift; sourceTree = "<group>"; };
		274EA4C12910F9D700CADFE0 /* UIViewController+.swift */ = {isa = PBXFileReference; lastKnownFileType = sourcecode.swift; path = "UIViewController+.swift"; sourceTree = "<group>"; };
		2750A8532907DFF000C3035E /* SetEmailChanged.storyboard */ = {isa = PBXFileReference; lastKnownFileType = file.storyboard; path = SetEmailChanged.storyboard; sourceTree = "<group>"; };
		2750A8572907E01800C3035E /* SetPasswordChanged.storyboard */ = {isa = PBXFileReference; lastKnownFileType = file.storyboard; path = SetPasswordChanged.storyboard; sourceTree = "<group>"; };
		2750A8592907E3F900C3035E /* SetEmailChangedViewController.swift */ = {isa = PBXFileReference; lastKnownFileType = sourcecode.swift; path = SetEmailChangedViewController.swift; sourceTree = "<group>"; };
		2750A85B2907E41700C3035E /* SetPasswordChangedViewController.swift */ = {isa = PBXFileReference; lastKnownFileType = sourcecode.swift; path = SetPasswordChangedViewController.swift; sourceTree = "<group>"; };
		2750D3F22900F0EC00810F87 /* AuthController.swift */ = {isa = PBXFileReference; lastKnownFileType = sourcecode.swift; path = AuthController.swift; sourceTree = "<group>"; };
		2754A38D291A29CA003A0331 /* FirebaseStorageService.swift */ = {isa = PBXFileReference; lastKnownFileType = sourcecode.swift; path = FirebaseStorageService.swift; sourceTree = "<group>"; };
		2754DC5228FF7C6F00AC029D /* Router.swift */ = {isa = PBXFileReference; lastKnownFileType = sourcecode.swift; path = Router.swift; sourceTree = "<group>"; };
		2754DC5B28FFB50900AC029D /* GoogleService-Info.plist */ = {isa = PBXFileReference; fileEncoding = 4; lastKnownFileType = text.plist.xml; path = "GoogleService-Info.plist"; sourceTree = "<group>"; };
		2754DC5E28FFC58700AC029D /* HomeViewController.swift */ = {isa = PBXFileReference; lastKnownFileType = sourcecode.swift; path = HomeViewController.swift; sourceTree = "<group>"; };
		2754DC6128FFC59F00AC029D /* Home.storyboard */ = {isa = PBXFileReference; lastKnownFileType = file.storyboard; path = Home.storyboard; sourceTree = "<group>"; };
		275579DA2918B11F00BED415 /* SetMemoChangedViewController.swift */ = {isa = PBXFileReference; lastKnownFileType = sourcecode.swift; path = SetMemoChangedViewController.swift; sourceTree = "<group>"; };
		275579DC2918B12C00BED415 /* SetMemoChanged.storyboard */ = {isa = PBXFileReference; lastKnownFileType = file.storyboard; path = SetMemoChanged.storyboard; sourceTree = "<group>"; };
		275DEC4F292C617F00B3A7B1 /* SetMemoChangedViewModel.swift */ = {isa = PBXFileReference; lastKnownFileType = sourcecode.swift; path = SetMemoChangedViewModel.swift; sourceTree = "<group>"; };
		275F9BDC290A47D400A34905 /* Validator.swift */ = {isa = PBXFileReference; lastKnownFileType = sourcecode.swift; path = Validator.swift; sourceTree = "<group>"; };
		276A989928FE328A00AC390F /* SampleEmailLogin.app */ = {isa = PBXFileReference; explicitFileType = wrapper.application; includeInIndex = 0; path = SampleEmailLogin.app; sourceTree = BUILT_PRODUCTS_DIR; };
		276A989C28FE328A00AC390F /* AppDelegate.swift */ = {isa = PBXFileReference; lastKnownFileType = sourcecode.swift; path = AppDelegate.swift; sourceTree = "<group>"; };
		276A98A528FE328B00AC390F /* Assets.xcassets */ = {isa = PBXFileReference; lastKnownFileType = folder.assetcatalog; path = Assets.xcassets; sourceTree = "<group>"; };
		276A98A828FE328B00AC390F /* Base */ = {isa = PBXFileReference; lastKnownFileType = file.storyboard; name = Base; path = Base.lproj/LaunchScreen.storyboard; sourceTree = "<group>"; };
		276A98AA28FE328B00AC390F /* Info.plist */ = {isa = PBXFileReference; lastKnownFileType = text.plist.xml; path = Info.plist; sourceTree = "<group>"; };
		276A98B328FE334E00AC390F /* Login.storyboard */ = {isa = PBXFileReference; lastKnownFileType = file.storyboard; path = Login.storyboard; sourceTree = "<group>"; };
		276A98B528FE336200AC390F /* LoginViewController.swift */ = {isa = PBXFileReference; lastKnownFileType = sourcecode.swift; path = LoginViewController.swift; sourceTree = "<group>"; };
		276A98B828FE3FED00AC390F /* RegisterViewController.swift */ = {isa = PBXFileReference; lastKnownFileType = sourcecode.swift; path = RegisterViewController.swift; sourceTree = "<group>"; };
		276A98BA28FE400300AC390F /* Register.storyboard */ = {isa = PBXFileReference; lastKnownFileType = file.storyboard; path = Register.storyboard; sourceTree = "<group>"; };
		BC042A8AB3581E9C11CD093C /* Pods-SampleEmailLogin.release.xcconfig */ = {isa = PBXFileReference; includeInIndex = 1; lastKnownFileType = text.xcconfig; name = "Pods-SampleEmailLogin.release.xcconfig"; path = "Target Support Files/Pods-SampleEmailLogin/Pods-SampleEmailLogin.release.xcconfig"; sourceTree = "<group>"; };
		D477352F87D7C6F479CCC779 /* Pods-SampleEmailLogin.debug.xcconfig */ = {isa = PBXFileReference; includeInIndex = 1; lastKnownFileType = text.xcconfig; name = "Pods-SampleEmailLogin.debug.xcconfig"; path = "Target Support Files/Pods-SampleEmailLogin/Pods-SampleEmailLogin.debug.xcconfig"; sourceTree = "<group>"; };
/* End PBXFileReference section */

/* Begin PBXFrameworksBuildPhase section */
		276A989628FE328A00AC390F /* Frameworks */ = {
			isa = PBXFrameworksBuildPhase;
			buildActionMask = 2147483647;
			files = (
				8ECA532D85C8BBD9FA87862E /* Pods_SampleEmailLogin.framework in Frameworks */,
			);
			runOnlyForDeploymentPostprocessing = 0;
		};
/* End PBXFrameworksBuildPhase section */

/* Begin PBXGroup section */
		2647E4F8AFD8C88A926B6CCD /* Frameworks */ = {
			isa = PBXGroup;
			children = (
				098740C55D332023D5E09C13 /* Pods_SampleEmailLogin.framework */,
			);
			name = Frameworks;
			sourceTree = "<group>";
		};
		273DEC462928A62C009674AC /* ViewController */ = {
			isa = PBXGroup;
			children = (
				2754DC5E28FFC58700AC029D /* HomeViewController.swift */,
			);
			path = ViewController;
			sourceTree = "<group>";
		};
		273DEC472928A635009674AC /* ViewModel */ = {
			isa = PBXGroup;
			children = (
				273DEC482928A73D009674AC /* HomeViewModel.swift */,
			);
			path = ViewModel;
			sourceTree = "<group>";
		};
		274549DF291638680012B790 /* View */ = {
			isa = PBXGroup;
			children = (
				274549E729163DCD0012B790 /* TableViewCell */,
			);
			path = View;
			sourceTree = "<group>";
		};
		274549E729163DCD0012B790 /* TableViewCell */ = {
			isa = PBXGroup;
			children = (
				274549E829163DDC0012B790 /* TableViewCell.swift */,
				274549EA29163DE90012B790 /* TableViewCell.xib */,
			);
			path = TableViewCell;
			sourceTree = "<group>";
		};
		274DC7C72913526000317F42 /* Model */ = {
			isa = PBXGroup;
			children = (
				274DC7C8291352D400317F42 /* MemoModel.swift */,
			);
			path = Model;
			sourceTree = "<group>";
		};
		274DC7CA29135E2000317F42 /* SetMemoCreated */ = {
			isa = PBXGroup;
			children = (
				274DC7CD29135E5800317F42 /* SetMemoCreated.storyboard */,
				274DC7CF29135F2900317F42 /* SetMemoCreatedViewController.swift */,
			);
			path = SetMemoCreated;
			sourceTree = "<group>";
		};
		274EA4C02910F9BE00CADFE0 /* Extension */ = {
			isa = PBXGroup;
			children = (
				274EA4C12910F9D700CADFE0 /* UIViewController+.swift */,
				274D845229174B4F003D6AC3 /* UITableViewCell+.swift */,
			);
			path = Extension;
			sourceTree = "<group>";
		};
		2750A84F2907D65100C3035E /* SetEmailChanged */ = {
			isa = PBXGroup;
			children = (
				2750A8532907DFF000C3035E /* SetEmailChanged.storyboard */,
				2750A8592907E3F900C3035E /* SetEmailChangedViewController.swift */,
			);
			path = SetEmailChanged;
			sourceTree = "<group>";
		};
		2750A8502907D65D00C3035E /* SetPasswordChanged */ = {
			isa = PBXGroup;
			children = (
				2750A8572907E01800C3035E /* SetPasswordChanged.storyboard */,
				2750A85B2907E41700C3035E /* SetPasswordChangedViewController.swift */,
			);
			path = SetPasswordChanged;
			sourceTree = "<group>";
		};
		2750D3F12900F0D500810F87 /* Utility */ = {
			isa = PBXGroup;
			children = (
				2750D3F22900F0EC00810F87 /* AuthController.swift */,
				274D845429175955003D6AC3 /* CloudFirestoreService.swift */,
				275F9BDC290A47D400A34905 /* Validator.swift */,
				2754A38D291A29CA003A0331 /* FirebaseStorageService.swift */,
			);
			path = Utility;
			sourceTree = "<group>";
		};
		2754DC5128FF7C0200AC029D /* Router */ = {
			isa = PBXGroup;
			children = (
				2754DC5228FF7C6F00AC029D /* Router.swift */,
			);
			path = Router;
			sourceTree = "<group>";
		};
		2754DC5D28FFC57900AC029D /* Home */ = {
			isa = PBXGroup;
			children = (
				273DEC472928A635009674AC /* ViewModel */,
				273DEC462928A62C009674AC /* ViewController */,
				2754DC6128FFC59F00AC029D /* Home.storyboard */,
			);
			path = Home;
			sourceTree = "<group>";
		};
		275579D92918B10B00BED415 /* SetMemoChanged */ = {
			isa = PBXGroup;
			children = (
				275DEC4E292C613A00B3A7B1 /* ViewController */,
				275DEC4D292C612F00B3A7B1 /* ViewModel */,
				275579DC2918B12C00BED415 /* SetMemoChanged.storyboard */,
			);
			path = SetMemoChanged;
			sourceTree = "<group>";
		};
		275DEC4D292C612F00B3A7B1 /* ViewModel */ = {
			isa = PBXGroup;
			children = (
				275DEC4F292C617F00B3A7B1 /* SetMemoChangedViewModel.swift */,
			);
			path = ViewModel;
			sourceTree = "<group>";
		};
		275DEC4E292C613A00B3A7B1 /* ViewController */ = {
			isa = PBXGroup;
			children = (
				275579DA2918B11F00BED415 /* SetMemoChangedViewController.swift */,
			);
			path = ViewController;
			sourceTree = "<group>";
		};
		276A989028FE328A00AC390F = {
			isa = PBXGroup;
			children = (
				276A989B28FE328A00AC390F /* SampleEmailLogin */,
				276A989A28FE328A00AC390F /* Products */,
				8A862F4AB6CC196085EC85F8 /* Pods */,
				2647E4F8AFD8C88A926B6CCD /* Frameworks */,
			);
			sourceTree = "<group>";
		};
		276A989A28FE328A00AC390F /* Products */ = {
			isa = PBXGroup;
			children = (
				276A989928FE328A00AC390F /* SampleEmailLogin.app */,
			);
			name = Products;
			sourceTree = "<group>";
		};
		276A989B28FE328A00AC390F /* SampleEmailLogin */ = {
			isa = PBXGroup;
			children = (
				275579D92918B10B00BED415 /* SetMemoChanged */,
				274549DF291638680012B790 /* View */,
				274DC7CA29135E2000317F42 /* SetMemoCreated */,
				274DC7C72913526000317F42 /* Model */,
				274EA4C02910F9BE00CADFE0 /* Extension */,
				2750A8502907D65D00C3035E /* SetPasswordChanged */,
				2750A84F2907D65100C3035E /* SetEmailChanged */,
				2750D3F12900F0D500810F87 /* Utility */,
				2754DC5D28FFC57900AC029D /* Home */,
				2754DC5128FF7C0200AC029D /* Router */,
				276A98B728FE3FD500AC390F /* Register */,
				276A98B028FE333600AC390F /* Login */,
				276A989C28FE328A00AC390F /* AppDelegate.swift */,
				276A98A528FE328B00AC390F /* Assets.xcassets */,
				276A98A728FE328B00AC390F /* LaunchScreen.storyboard */,
				2754DC5B28FFB50900AC029D /* GoogleService-Info.plist */,
				276A98AA28FE328B00AC390F /* Info.plist */,
			);
			path = SampleEmailLogin;
			sourceTree = "<group>";
		};
		276A98B028FE333600AC390F /* Login */ = {
			isa = PBXGroup;
			children = (
				276A98B328FE334E00AC390F /* Login.storyboard */,
				276A98B528FE336200AC390F /* LoginViewController.swift */,
			);
			path = Login;
			sourceTree = "<group>";
		};
		276A98B728FE3FD500AC390F /* Register */ = {
			isa = PBXGroup;
			children = (
				276A98B828FE3FED00AC390F /* RegisterViewController.swift */,
				276A98BA28FE400300AC390F /* Register.storyboard */,
			);
			path = Register;
			sourceTree = "<group>";
		};
		8A862F4AB6CC196085EC85F8 /* Pods */ = {
			isa = PBXGroup;
			children = (
				D477352F87D7C6F479CCC779 /* Pods-SampleEmailLogin.debug.xcconfig */,
				BC042A8AB3581E9C11CD093C /* Pods-SampleEmailLogin.release.xcconfig */,
			);
			path = Pods;
			sourceTree = "<group>";
		};
/* End PBXGroup section */

/* Begin PBXNativeTarget section */
		276A989828FE328A00AC390F /* SampleEmailLogin */ = {
			isa = PBXNativeTarget;
			buildConfigurationList = 276A98AD28FE328B00AC390F /* Build configuration list for PBXNativeTarget "SampleEmailLogin" */;
			buildPhases = (
				040C38C539865BB6A9D0FB73 /* [CP] Check Pods Manifest.lock */,
				276A989528FE328A00AC390F /* Sources */,
				276A989628FE328A00AC390F /* Frameworks */,
				276A989728FE328A00AC390F /* Resources */,
				AFA2E7EA136F74D18293E1AD /* [CP] Embed Pods Frameworks */,
			);
			buildRules = (
			);
			dependencies = (
			);
			name = SampleEmailLogin;
			productName = SampleEmailLogin;
			productReference = 276A989928FE328A00AC390F /* SampleEmailLogin.app */;
			productType = "com.apple.product-type.application";
		};
/* End PBXNativeTarget section */

/* Begin PBXProject section */
		276A989128FE328A00AC390F /* Project object */ = {
			isa = PBXProject;
			attributes = {
				BuildIndependentTargetsInParallel = 1;
				LastSwiftUpdateCheck = 1340;
				LastUpgradeCheck = 1340;
				TargetAttributes = {
					276A989828FE328A00AC390F = {
						CreatedOnToolsVersion = 13.4.1;
					};
				};
			};
			buildConfigurationList = 276A989428FE328A00AC390F /* Build configuration list for PBXProject "SampleEmailLogin" */;
			compatibilityVersion = "Xcode 13.0";
			developmentRegion = en;
			hasScannedForEncodings = 0;
			knownRegions = (
				en,
				Base,
			);
			mainGroup = 276A989028FE328A00AC390F;
			productRefGroup = 276A989A28FE328A00AC390F /* Products */;
			projectDirPath = "";
			projectRoot = "";
			targets = (
				276A989828FE328A00AC390F /* SampleEmailLogin */,
			);
		};
/* End PBXProject section */

/* Begin PBXResourcesBuildPhase section */
		276A989728FE328A00AC390F /* Resources */ = {
			isa = PBXResourcesBuildPhase;
			buildActionMask = 2147483647;
			files = (
				274DC7CE29135E5800317F42 /* SetMemoCreated.storyboard in Resources */,
				274549EB29163DE90012B790 /* TableViewCell.xib in Resources */,
				276A98A928FE328B00AC390F /* LaunchScreen.storyboard in Resources */,
				276A98A628FE328B00AC390F /* Assets.xcassets in Resources */,
				2750A8542907DFF000C3035E /* SetEmailChanged.storyboard in Resources */,
				2754DC5C28FFB50900AC029D /* GoogleService-Info.plist in Resources */,
				2754DC6228FFC59F00AC029D /* Home.storyboard in Resources */,
				2750A8582907E01800C3035E /* SetPasswordChanged.storyboard in Resources */,
				276A98B428FE334E00AC390F /* Login.storyboard in Resources */,
				275579DD2918B12C00BED415 /* SetMemoChanged.storyboard in Resources */,
				276A98BB28FE400300AC390F /* Register.storyboard in Resources */,
			);
			runOnlyForDeploymentPostprocessing = 0;
		};
/* End PBXResourcesBuildPhase section */

/* Begin PBXShellScriptBuildPhase section */
		040C38C539865BB6A9D0FB73 /* [CP] Check Pods Manifest.lock */ = {
			isa = PBXShellScriptBuildPhase;
			buildActionMask = 2147483647;
			files = (
			);
			inputFileListPaths = (
			);
			inputPaths = (
				"${PODS_PODFILE_DIR_PATH}/Podfile.lock",
				"${PODS_ROOT}/Manifest.lock",
			);
			name = "[CP] Check Pods Manifest.lock";
			outputFileListPaths = (
			);
			outputPaths = (
				"$(DERIVED_FILE_DIR)/Pods-SampleEmailLogin-checkManifestLockResult.txt",
			);
			runOnlyForDeploymentPostprocessing = 0;
			shellPath = /bin/sh;
			shellScript = "diff \"${PODS_PODFILE_DIR_PATH}/Podfile.lock\" \"${PODS_ROOT}/Manifest.lock\" > /dev/null\nif [ $? != 0 ] ; then\n    # print error to STDERR\n    echo \"error: The sandbox is not in sync with the Podfile.lock. Run 'pod install' or update your CocoaPods installation.\" >&2\n    exit 1\nfi\n# This output is used by Xcode 'outputs' to avoid re-running this script phase.\necho \"SUCCESS\" > \"${SCRIPT_OUTPUT_FILE_0}\"\n";
			showEnvVarsInLog = 0;
		};
		AFA2E7EA136F74D18293E1AD /* [CP] Embed Pods Frameworks */ = {
			isa = PBXShellScriptBuildPhase;
			buildActionMask = 2147483647;
			files = (
			);
			inputFileListPaths = (
				"${PODS_ROOT}/Target Support Files/Pods-SampleEmailLogin/Pods-SampleEmailLogin-frameworks-${CONFIGURATION}-input-files.xcfilelist",
			);
			name = "[CP] Embed Pods Frameworks";
			outputFileListPaths = (
				"${PODS_ROOT}/Target Support Files/Pods-SampleEmailLogin/Pods-SampleEmailLogin-frameworks-${CONFIGURATION}-output-files.xcfilelist",
			);
			runOnlyForDeploymentPostprocessing = 0;
			shellPath = /bin/sh;
			shellScript = "\"${PODS_ROOT}/Target Support Files/Pods-SampleEmailLogin/Pods-SampleEmailLogin-frameworks.sh\"\n";
			showEnvVarsInLog = 0;
		};
/* End PBXShellScriptBuildPhase section */

/* Begin PBXSourcesBuildPhase section */
		276A989528FE328A00AC390F /* Sources */ = {
			isa = PBXSourcesBuildPhase;
			buildActionMask = 2147483647;
			files = (
				275579DB2918B11F00BED415 /* SetMemoChangedViewController.swift in Sources */,
				273DEC492928A73D009674AC /* HomeViewModel.swift in Sources */,
				275DEC50292C617F00B3A7B1 /* SetMemoChangedViewModel.swift in Sources */,
				2754DC5328FF7C6F00AC029D /* Router.swift in Sources */,
				276A98B928FE3FED00AC390F /* RegisterViewController.swift in Sources */,
				274EA4C22910F9D700CADFE0 /* UIViewController+.swift in Sources */,
				274D845529175955003D6AC3 /* CloudFirestoreService.swift in Sources */,
				276A98B628FE336200AC390F /* LoginViewController.swift in Sources */,
				274549E929163DDC0012B790 /* TableViewCell.swift in Sources */,
				2754A38E291A29CA003A0331 /* FirebaseStorageService.swift in Sources */,
				276A989D28FE328A00AC390F /* AppDelegate.swift in Sources */,
				2750A85A2907E3F900C3035E /* SetEmailChangedViewController.swift in Sources */,
				275F9BDD290A47D400A34905 /* Validator.swift in Sources */,
				2750A85C2907E41700C3035E /* SetPasswordChangedViewController.swift in Sources */,
				274D845329174B4F003D6AC3 /* UITableViewCell+.swift in Sources */,
				274DC7C9291352D400317F42 /* MemoModel.swift in Sources */,
				2750D3F32900F0EC00810F87 /* AuthController.swift in Sources */,
				2754DC5F28FFC58700AC029D /* HomeViewController.swift in Sources */,
				274DC7D029135F2900317F42 /* SetMemoCreatedViewController.swift in Sources */,
			);
			runOnlyForDeploymentPostprocessing = 0;
		};
/* End PBXSourcesBuildPhase section */

/* Begin PBXVariantGroup section */
		276A98A728FE328B00AC390F /* LaunchScreen.storyboard */ = {
			isa = PBXVariantGroup;
			children = (
				276A98A828FE328B00AC390F /* Base */,
			);
			name = LaunchScreen.storyboard;
			sourceTree = "<group>";
		};
/* End PBXVariantGroup section */

/* Begin XCBuildConfiguration section */
		276A98AB28FE328B00AC390F /* Debug */ = {
			isa = XCBuildConfiguration;
			buildSettings = {
				ALWAYS_SEARCH_USER_PATHS = NO;
				CLANG_ANALYZER_NONNULL = YES;
				CLANG_ANALYZER_NUMBER_OBJECT_CONVERSION = YES_AGGRESSIVE;
				CLANG_CXX_LANGUAGE_STANDARD = "gnu++17";
				CLANG_ENABLE_MODULES = YES;
				CLANG_ENABLE_OBJC_ARC = YES;
				CLANG_ENABLE_OBJC_WEAK = YES;
				CLANG_WARN_BLOCK_CAPTURE_AUTORELEASING = YES;
				CLANG_WARN_BOOL_CONVERSION = YES;
				CLANG_WARN_COMMA = YES;
				CLANG_WARN_CONSTANT_CONVERSION = YES;
				CLANG_WARN_DEPRECATED_OBJC_IMPLEMENTATIONS = YES;
				CLANG_WARN_DIRECT_OBJC_ISA_USAGE = YES_ERROR;
				CLANG_WARN_DOCUMENTATION_COMMENTS = YES;
				CLANG_WARN_EMPTY_BODY = YES;
				CLANG_WARN_ENUM_CONVERSION = YES;
				CLANG_WARN_INFINITE_RECURSION = YES;
				CLANG_WARN_INT_CONVERSION = YES;
				CLANG_WARN_NON_LITERAL_NULL_CONVERSION = YES;
				CLANG_WARN_OBJC_IMPLICIT_RETAIN_SELF = YES;
				CLANG_WARN_OBJC_LITERAL_CONVERSION = YES;
				CLANG_WARN_OBJC_ROOT_CLASS = YES_ERROR;
				CLANG_WARN_QUOTED_INCLUDE_IN_FRAMEWORK_HEADER = YES;
				CLANG_WARN_RANGE_LOOP_ANALYSIS = YES;
				CLANG_WARN_STRICT_PROTOTYPES = YES;
				CLANG_WARN_SUSPICIOUS_MOVE = YES;
				CLANG_WARN_UNGUARDED_AVAILABILITY = YES_AGGRESSIVE;
				CLANG_WARN_UNREACHABLE_CODE = YES;
				CLANG_WARN__DUPLICATE_METHOD_MATCH = YES;
				COPY_PHASE_STRIP = NO;
				DEBUG_INFORMATION_FORMAT = dwarf;
				ENABLE_STRICT_OBJC_MSGSEND = YES;
				ENABLE_TESTABILITY = YES;
				GCC_C_LANGUAGE_STANDARD = gnu11;
				GCC_DYNAMIC_NO_PIC = NO;
				GCC_NO_COMMON_BLOCKS = YES;
				GCC_OPTIMIZATION_LEVEL = 0;
				GCC_PREPROCESSOR_DEFINITIONS = (
					"DEBUG=1",
					"$(inherited)",
				);
				GCC_WARN_64_TO_32_BIT_CONVERSION = YES;
				GCC_WARN_ABOUT_RETURN_TYPE = YES_ERROR;
				GCC_WARN_UNDECLARED_SELECTOR = YES;
				GCC_WARN_UNINITIALIZED_AUTOS = YES_AGGRESSIVE;
				GCC_WARN_UNUSED_FUNCTION = YES;
				GCC_WARN_UNUSED_VARIABLE = YES;
				IPHONEOS_DEPLOYMENT_TARGET = 15.5;
				MTL_ENABLE_DEBUG_INFO = INCLUDE_SOURCE;
				MTL_FAST_MATH = YES;
				ONLY_ACTIVE_ARCH = YES;
				SDKROOT = iphoneos;
				SWIFT_ACTIVE_COMPILATION_CONDITIONS = DEBUG;
				SWIFT_OPTIMIZATION_LEVEL = "-Onone";
			};
			name = Debug;
		};
		276A98AC28FE328B00AC390F /* Release */ = {
			isa = XCBuildConfiguration;
			buildSettings = {
				ALWAYS_SEARCH_USER_PATHS = NO;
				CLANG_ANALYZER_NONNULL = YES;
				CLANG_ANALYZER_NUMBER_OBJECT_CONVERSION = YES_AGGRESSIVE;
				CLANG_CXX_LANGUAGE_STANDARD = "gnu++17";
				CLANG_ENABLE_MODULES = YES;
				CLANG_ENABLE_OBJC_ARC = YES;
				CLANG_ENABLE_OBJC_WEAK = YES;
				CLANG_WARN_BLOCK_CAPTURE_AUTORELEASING = YES;
				CLANG_WARN_BOOL_CONVERSION = YES;
				CLANG_WARN_COMMA = YES;
				CLANG_WARN_CONSTANT_CONVERSION = YES;
				CLANG_WARN_DEPRECATED_OBJC_IMPLEMENTATIONS = YES;
				CLANG_WARN_DIRECT_OBJC_ISA_USAGE = YES_ERROR;
				CLANG_WARN_DOCUMENTATION_COMMENTS = YES;
				CLANG_WARN_EMPTY_BODY = YES;
				CLANG_WARN_ENUM_CONVERSION = YES;
				CLANG_WARN_INFINITE_RECURSION = YES;
				CLANG_WARN_INT_CONVERSION = YES;
				CLANG_WARN_NON_LITERAL_NULL_CONVERSION = YES;
				CLANG_WARN_OBJC_IMPLICIT_RETAIN_SELF = YES;
				CLANG_WARN_OBJC_LITERAL_CONVERSION = YES;
				CLANG_WARN_OBJC_ROOT_CLASS = YES_ERROR;
				CLANG_WARN_QUOTED_INCLUDE_IN_FRAMEWORK_HEADER = YES;
				CLANG_WARN_RANGE_LOOP_ANALYSIS = YES;
				CLANG_WARN_STRICT_PROTOTYPES = YES;
				CLANG_WARN_SUSPICIOUS_MOVE = YES;
				CLANG_WARN_UNGUARDED_AVAILABILITY = YES_AGGRESSIVE;
				CLANG_WARN_UNREACHABLE_CODE = YES;
				CLANG_WARN__DUPLICATE_METHOD_MATCH = YES;
				COPY_PHASE_STRIP = NO;
				DEBUG_INFORMATION_FORMAT = "dwarf-with-dsym";
				ENABLE_NS_ASSERTIONS = NO;
				ENABLE_STRICT_OBJC_MSGSEND = YES;
				GCC_C_LANGUAGE_STANDARD = gnu11;
				GCC_NO_COMMON_BLOCKS = YES;
				GCC_WARN_64_TO_32_BIT_CONVERSION = YES;
				GCC_WARN_ABOUT_RETURN_TYPE = YES_ERROR;
				GCC_WARN_UNDECLARED_SELECTOR = YES;
				GCC_WARN_UNINITIALIZED_AUTOS = YES_AGGRESSIVE;
				GCC_WARN_UNUSED_FUNCTION = YES;
				GCC_WARN_UNUSED_VARIABLE = YES;
				IPHONEOS_DEPLOYMENT_TARGET = 15.5;
				MTL_ENABLE_DEBUG_INFO = NO;
				MTL_FAST_MATH = YES;
				SDKROOT = iphoneos;
				SWIFT_COMPILATION_MODE = wholemodule;
				SWIFT_OPTIMIZATION_LEVEL = "-O";
				VALIDATE_PRODUCT = YES;
			};
			name = Release;
		};
		276A98AE28FE328B00AC390F /* Debug */ = {
			isa = XCBuildConfiguration;
			baseConfigurationReference = D477352F87D7C6F479CCC779 /* Pods-SampleEmailLogin.debug.xcconfig */;
			buildSettings = {
				ASSETCATALOG_COMPILER_APPICON_NAME = AppIcon;
				ASSETCATALOG_COMPILER_GLOBAL_ACCENT_COLOR_NAME = AccentColor;
				CODE_SIGN_STYLE = Automatic;
				CURRENT_PROJECT_VERSION = 1;
				DEVELOPMENT_TEAM = 25BLMP2S3B;
				GENERATE_INFOPLIST_FILE = YES;
				INFOPLIST_FILE = SampleEmailLogin/Info.plist;
				INFOPLIST_KEY_UIApplicationSupportsIndirectInputEvents = YES;
				INFOPLIST_KEY_UILaunchStoryboardName = LaunchScreen;
				INFOPLIST_KEY_UISupportedInterfaceOrientations_iPad = "UIInterfaceOrientationPortrait UIInterfaceOrientationPortraitUpsideDown UIInterfaceOrientationLandscapeLeft UIInterfaceOrientationLandscapeRight";
				INFOPLIST_KEY_UISupportedInterfaceOrientations_iPhone = "UIInterfaceOrientationPortrait UIInterfaceOrientationLandscapeLeft UIInterfaceOrientationLandscapeRight";
				LD_RUNPATH_SEARCH_PATHS = (
					"$(inherited)",
					"@executable_path/Frameworks",
				);
				MARKETING_VERSION = 1.0;
				PRODUCT_BUNDLE_IDENTIFIER = com.kasiwa.SampleEmailLogin;
				PRODUCT_NAME = "$(TARGET_NAME)";
				SWIFT_EMIT_LOC_STRINGS = YES;
				SWIFT_VERSION = 5.0;
				TARGETED_DEVICE_FAMILY = "1,2";
			};
			name = Debug;
		};
		276A98AF28FE328B00AC390F /* Release */ = {
			isa = XCBuildConfiguration;
			baseConfigurationReference = BC042A8AB3581E9C11CD093C /* Pods-SampleEmailLogin.release.xcconfig */;
			buildSettings = {
				ASSETCATALOG_COMPILER_APPICON_NAME = AppIcon;
				ASSETCATALOG_COMPILER_GLOBAL_ACCENT_COLOR_NAME = AccentColor;
				CODE_SIGN_STYLE = Automatic;
				CURRENT_PROJECT_VERSION = 1;
				DEVELOPMENT_TEAM = 25BLMP2S3B;
				GENERATE_INFOPLIST_FILE = YES;
				INFOPLIST_FILE = SampleEmailLogin/Info.plist;
				INFOPLIST_KEY_UIApplicationSupportsIndirectInputEvents = YES;
				INFOPLIST_KEY_UILaunchStoryboardName = LaunchScreen;
				INFOPLIST_KEY_UISupportedInterfaceOrientations_iPad = "UIInterfaceOrientationPortrait UIInterfaceOrientationPortraitUpsideDown UIInterfaceOrientationLandscapeLeft UIInterfaceOrientationLandscapeRight";
				INFOPLIST_KEY_UISupportedInterfaceOrientations_iPhone = "UIInterfaceOrientationPortrait UIInterfaceOrientationLandscapeLeft UIInterfaceOrientationLandscapeRight";
				LD_RUNPATH_SEARCH_PATHS = (
					"$(inherited)",
					"@executable_path/Frameworks",
				);
				MARKETING_VERSION = 1.0;
				PRODUCT_BUNDLE_IDENTIFIER = com.kasiwa.SampleEmailLogin;
				PRODUCT_NAME = "$(TARGET_NAME)";
				SWIFT_EMIT_LOC_STRINGS = YES;
				SWIFT_VERSION = 5.0;
				TARGETED_DEVICE_FAMILY = "1,2";
			};
			name = Release;
		};
/* End XCBuildConfiguration section */

/* Begin XCConfigurationList section */
		276A989428FE328A00AC390F /* Build configuration list for PBXProject "SampleEmailLogin" */ = {
			isa = XCConfigurationList;
			buildConfigurations = (
				276A98AB28FE328B00AC390F /* Debug */,
				276A98AC28FE328B00AC390F /* Release */,
			);
			defaultConfigurationIsVisible = 0;
			defaultConfigurationName = Release;
		};
		276A98AD28FE328B00AC390F /* Build configuration list for PBXNativeTarget "SampleEmailLogin" */ = {
			isa = XCConfigurationList;
			buildConfigurations = (
				276A98AE28FE328B00AC390F /* Debug */,
				276A98AF28FE328B00AC390F /* Release */,
			);
			defaultConfigurationIsVisible = 0;
			defaultConfigurationName = Release;
		};
/* End XCConfigurationList section */
	};
	rootObject = 276A989128FE328A00AC390F /* Project object */;
}
